
Microsoft Visual Studio Solution File, Format Version 12.00
# Visual Studio 15
VisualStudioVersion = 15.0.27428.2043
MinimumVisualStudioVersion = 10.0.40219.1
Project("{FAE04EC0-301F-11D3-BF4B-00C04F79EFBC}") = "Instagram.WebApi", "Instagram.WebApi\Instagram.WebApi.csproj", "{675C5D12-3DCF-4DDA-B9DD-37BEFCA23829}"
EndProject
Project("{FAE04EC0-301F-11D3-BF4B-00C04F79EFBC}") = "Instagram.DataAccess", "Instagram.DataAccess\Instagram.DataAccess.csproj", "{FEE1A0B5-756E-4B32-8508-5DFED286A1F0}"
EndProject
Project("{FAE04EC0-301F-11D3-BF4B-00C04F79EFBC}") = "Instagram.ViewModels", "Instagram.ViewModels\Instagram.ViewModels.csproj", "{ACC7AE37-A4D8-4E39-957E-A994914D083D}"
EndProject
Project("{FAE04EC0-301F-11D3-BF4B-00C04F79EFBC}") = "Instagram.Commands", "Instagram.Commands\Instagram.Commands.csproj", "{70193A4E-931C-4F22-A47D-876CBCE9683F}"
EndProject
Project("{FAE04EC0-301F-11D3-BF4B-00C04F79EFBC}") = "Instagram.Services", "Instagram.Services\Instagram.Services.csproj", "{A2FF1B4B-C917-4D71-9C1D-EACD33099F35}"
EndProject
Project("{FAE04EC0-301F-11D3-BF4B-00C04F79EFBC}") = "Instagram.Domain", "Instagram.Domain\Instagram.Domain.csproj", "{7BFFD2C9-CDC5-4B8D-8CE9-3ED4DC5E3280}"
EndProject
Project("{FAE04EC0-301F-11D3-BF4B-00C04F79EFBC}") = "Instagram.Queries", "Instagram.Queries\Instagram.Queries.csproj", "{42B0D01D-1F12-4418-9CF1-4D63FAD1B896}"
EndProject
Global
	GlobalSection(SolutionConfigurationPlatforms) = preSolution
		Debug|Any CPU = Debug|Any CPU
		Release|Any CPU = Release|Any CPU
	EndGlobalSection
	GlobalSection(ProjectConfigurationPlatforms) = postSolution
		{675C5D12-3DCF-4DDA-B9DD-37BEFCA23829}.Debug|Any CPU.ActiveCfg = Debug|Any CPU
		{675C5D12-3DCF-4DDA-B9DD-37BEFCA23829}.Debug|Any CPU.Build.0 = Debug|Any CPU
		{675C5D12-3DCF-4DDA-B9DD-37BEFCA23829}.Release|Any CPU.ActiveCfg = Release|Any CPU
		{675C5D12-3DCF-4DDA-B9DD-37BEFCA23829}.Release|Any CPU.Build.0 = Release|Any CPU
		{FEE1A0B5-756E-4B32-8508-5DFED286A1F0}.Debug|Any CPU.ActiveCfg = Debug|Any CPU
		{FEE1A0B5-756E-4B32-8508-5DFED286A1F0}.Debug|Any CPU.Build.0 = Debug|Any CPU
		{FEE1A0B5-756E-4B32-8508-5DFED286A1F0}.Release|Any CPU.ActiveCfg = Release|Any CPU
		{FEE1A0B5-756E-4B32-8508-5DFED286A1F0}.Release|Any CPU.Build.0 = Release|Any CPU
		{ACC7AE37-A4D8-4E39-957E-A994914D083D}.Debug|Any CPU.ActiveCfg = Debug|Any CPU
		{ACC7AE37-A4D8-4E39-957E-A994914D083D}.Debug|Any CPU.Build.0 = Debug|Any CPU
		{ACC7AE37-A4D8-4E39-957E-A994914D083D}.Release|Any CPU.ActiveCfg = Release|Any CPU
		{ACC7AE37-A4D8-4E39-957E-A994914D083D}.Release|Any CPU.Build.0 = Release|Any CPU
		{70193A4E-931C-4F22-A47D-876CBCE9683F}.Debug|Any CPU.ActiveCfg = Debug|Any CPU
		{70193A4E-931C-4F22-A47D-876CBCE9683F}.Debug|Any CPU.Build.0 = Debug|Any CPU
		{70193A4E-931C-4F22-A47D-876CBCE9683F}.Release|Any CPU.ActiveCfg = Release|Any CPU
		{70193A4E-931C-4F22-A47D-876CBCE9683F}.Release|Any CPU.Build.0 = Release|Any CPU
		{A2FF1B4B-C917-4D71-9C1D-EACD33099F35}.Debug|Any CPU.ActiveCfg = Debug|Any CPU
		{A2FF1B4B-C917-4D71-9C1D-EACD33099F35}.Debug|Any CPU.Build.0 = Debug|Any CPU
		{A2FF1B4B-C917-4D71-9C1D-EACD33099F35}.Release|Any CPU.ActiveCfg = Release|Any CPU
		{A2FF1B4B-C917-4D71-9C1D-EACD33099F35}.Release|Any CPU.Build.0 = Release|Any CPU
		{7BFFD2C9-CDC5-4B8D-8CE9-3ED4DC5E3280}.Debug|Any CPU.ActiveCfg = Debug|Any CPU
		{7BFFD2C9-CDC5-4B8D-8CE9-3ED4DC5E3280}.Debug|Any CPU.Build.0 = Debug|Any CPU
		{7BFFD2C9-CDC5-4B8D-8CE9-3ED4DC5E3280}.Release|Any CPU.ActiveCfg = Release|Any CPU
		{7BFFD2C9-CDC5-4B8D-8CE9-3ED4DC5E3280}.Release|Any CPU.Build.0 = Release|Any CPU
		{42B0D01D-1F12-4418-9CF1-4D63FAD1B896}.Debug|Any CPU.ActiveCfg = Debug|Any CPU
		{42B0D01D-1F12-4418-9CF1-4D63FAD1B896}.Debug|Any CPU.Build.0 = Debug|Any CPU
		{42B0D01D-1F12-4418-9CF1-4D63FAD1B896}.Release|Any CPU.ActiveCfg = Release|Any CPU
		{42B0D01D-1F12-4418-9CF1-4D63FAD1B896}.Release|Any CPU.Build.0 = Release|Any CPU
	EndGlobalSection
	GlobalSection(SolutionProperties) = preSolution
		HideSolutionNode = FALSE
	EndGlobalSection
	GlobalSection(ExtensibilityGlobals) = postSolution
		SolutionGuid = {7C937666-FC13-47A4-9DC3-0227A980F8C1}
	EndGlobalSection
EndGlobal
